
Microsoft Visual Studio Solution File, Format Version 12.00
# Visual Studio Version 16
VisualStudioVersion = 16.0.30320.27
MinimumVisualStudioVersion = 10.0.40219.1
Project("{9A19103F-16F7-4668-BE54-9A1E7A4F7556}") = "WebAPI", "WebAPI.csproj", "{21573DA5-9DF1-4C31-9CB8-E75E2D3E4FC2}"
EndProject
Project("{FAE04EC0-301F-11D3-BF4B-00C04F79EFBC}") = "WebAPI Test Project", "..\WebAPI Test Project\WebAPI Test Project.csproj", "{649E454E-CEFD-4F8C-8E0A-6816E2505BD3}"
EndProject
Global
	GlobalSection(SolutionConfigurationPlatforms) = preSolution
		Debug|Any CPU = Debug|Any CPU
		Release|Any CPU = Release|Any CPU
	EndGlobalSection
	GlobalSection(ProjectConfigurationPlatforms) = postSolution
		{21573DA5-9DF1-4C31-9CB8-E75E2D3E4FC2}.Debug|Any CPU.ActiveCfg = Debug|Any CPU
		{21573DA5-9DF1-4C31-9CB8-E75E2D3E4FC2}.Debug|Any CPU.Build.0 = Debug|Any CPU
		{21573DA5-9DF1-4C31-9CB8-E75E2D3E4FC2}.Release|Any CPU.ActiveCfg = Release|Any CPU
		{21573DA5-9DF1-4C31-9CB8-E75E2D3E4FC2}.Release|Any CPU.Build.0 = Release|Any CPU
		{649E454E-CEFD-4F8C-8E0A-6816E2505BD3}.Debug|Any CPU.ActiveCfg = Debug|Any CPU
		{649E454E-CEFD-4F8C-8E0A-6816E2505BD3}.Debug|Any CPU.Build.0 = Debug|Any CPU
		{649E454E-CEFD-4F8C-8E0A-6816E2505BD3}.Release|Any CPU.ActiveCfg = Release|Any CPU
		{649E454E-CEFD-4F8C-8E0A-6816E2505BD3}.Release|Any CPU.Build.0 = Release|Any CPU
	EndGlobalSection
	GlobalSection(SolutionProperties) = preSolution
		HideSolutionNode = FALSE
	EndGlobalSection
	GlobalSection(ExtensibilityGlobals) = postSolution
		SolutionGuid = {0E335B08-5521-4FAE-8051-8B8162E15C38}
	EndGlobalSection
EndGlobal
